<?xml version="1.0" encoding="utf-8"?>
<Project ToolsVersion="4.0" xmlns="http://schemas.microsoft.com/developer/msbuild/2003">
  <ItemGroup>
    <Filter Include="Source files">
      <UniqueIdentifier>{70d81df3-97d3-41d3-8bf8-cae72b850477}</UniqueIdentifier>
      <Extensions>cpp;c;cc;cxx;def;odl;idl;hpj;bat;asm;asmx</Extensions>
    </Filter>
    <Filter Include="Header files">
      <UniqueIdentifier>{68f886db-a010-4bd6-b789-ea37655944d4}</UniqueIdentifier>
      <Extensions>h;hpp;hxx;hm;inl;inc;xsd</Extensions>
    </Filter>
    <Filter Include="Resource files">
      <UniqueIdentifier>{85d98706-4bd8-47c3-95d0-839a9accd997}</UniqueIdentifier>
      <Extensions>rc;ico;cur;bmp;dlg;rc2;rct;bin;rgs;gif;jpg;jpeg;jpe;resx;tiff;tif;png;wav</Extensions>
    </Filter>
    <Filter Include="Source files\Device-specific files">
      <UniqueIdentifier>{49c2af8c-839c-421d-99fd-319f49fa2e8c}</UniqueIdentifier>
    </Filter>
    <Filter Include="Header files\Device-specific files">
      <UniqueIdentifier>{4b716f1d-5e2a-41d2-8016-9c5679ce5c05}</UniqueIdentifier>
    </Filter>
    <Filter Include="VisualGDB settings">
      <UniqueIdentifier>{86c4e7b8-0486-49ac-a08f-e8be6d018775}</UniqueIdentifier>
    </Filter>
  </ItemGroup>
  <ItemGroup>
    <None Include="avr.props">
      <Filter>Source files\Device-specific files</Filter>
    </None>
    <None Include="attiny45_radiobeacon-Debug.vgdbsettings">
      <Filter>VisualGDB settings</Filter>
    </None>
    <None Include="attiny45_radiobeacon-Release.vgdbsettings">
      <Filter>VisualGDB settings</Filter>
    </None>
    <None Include="avr.xml">
      <Filter>VisualGDB settings</Filter>
    </None>
  </ItemGroup>
  <ItemGroup>
    <ClCompile Include="Source.cpp">
      <Filter>Source files</Filter>
    </ClCompile>
    <ClCompile Include="MorseCode.cpp">
      <Filter>Source files</Filter>
    </ClCompile>
  </ItemGroup>
  <ItemGroup>
    <ClInclude Include="MorseCode.h">
      <Filter>Header files</Filter>
    </ClInclude>
  </ItemGroup>
</Project>